
Microsoft Visual Studio Solution File, Format Version 12.00
# Visual Studio Version 16
VisualStudioVersion = 16.0.32228.343
MinimumVisualStudioVersion = 10.0.40219.1
Project("{9A19103F-16F7-4668-BE54-9A1E7A4F7556}") = "EmployeeManagementBlazor_InMemory_Demo", "EmployeeManagementBlazor_InMemory_Demo.csproj", "{B4DD655E-2CCC-413E-ABDF-0BA9EB40497C}"
EndProject
Global
	GlobalSection(SolutionConfigurationPlatforms) = preSolution
		Debug|Any CPU = Debug|Any CPU
		Release|Any CPU = Release|Any CPU
	EndGlobalSection
	GlobalSection(ProjectConfigurationPlatforms) = postSolution
		{B4DD655E-2CCC-413E-ABDF-0BA9EB40497C}.Debug|Any CPU.ActiveCfg = Debug|Any CPU
		{B4DD655E-2CCC-413E-ABDF-0BA9EB40497C}.Debug|Any CPU.Build.0 = Debug|Any CPU
		{B4DD655E-2CCC-413E-ABDF-0BA9EB40497C}.Release|Any CPU.ActiveCfg = Release|Any CPU
		{B4DD655E-2CCC-413E-ABDF-0BA9EB40497C}.Release|Any CPU.Build.0 = Release|Any CPU
	EndGlobalSection
	GlobalSection(SolutionProperties) = preSolution
		HideSolutionNode = FALSE
	EndGlobalSection
	GlobalSection(ExtensibilityGlobals) = postSolution
		SolutionGuid = {E8C0411F-8EA0-4E48-BCA5-6FE5033C339F}
	EndGlobalSection
EndGlobal
