
Microsoft Visual Studio Solution File, Format Version 12.00
# Visual Studio Version 17
VisualStudioVersion = 17.4.33122.133
MinimumVisualStudioVersion = 10.0.40219.1
Project("{FAE04EC0-301F-11D3-BF4B-00C04F79EFBC}") = "Dynamic_Component_Example", "Dynamic_Component_Example.csproj", "{ACD72E67-830F-44FF-ADB0-55484D506AF3}"
EndProject
Global
	GlobalSection(SolutionConfigurationPlatforms) = preSolution
		Debug|Any CPU = Debug|Any CPU
		Release|Any CPU = Release|Any CPU
	EndGlobalSection
	GlobalSection(ProjectConfigurationPlatforms) = postSolution
		{ACD72E67-830F-44FF-ADB0-55484D506AF3}.Debug|Any CPU.ActiveCfg = Debug|Any CPU
		{ACD72E67-830F-44FF-ADB0-55484D506AF3}.Debug|Any CPU.Build.0 = Debug|Any CPU
		{ACD72E67-830F-44FF-ADB0-55484D506AF3}.Release|Any CPU.ActiveCfg = Release|Any CPU
		{ACD72E67-830F-44FF-ADB0-55484D506AF3}.Release|Any CPU.Build.0 = Release|Any CPU
	EndGlobalSection
	GlobalSection(SolutionProperties) = preSolution
		HideSolutionNode = FALSE
	EndGlobalSection
	GlobalSection(ExtensibilityGlobals) = postSolution
		SolutionGuid = {0F2BF186-324D-4237-951B-7367A6F9C057}
	EndGlobalSection
EndGlobal
