
Microsoft Visual Studio Solution File, Format Version 12.00
# Visual Studio Version 16
VisualStudioVersion = 16.0.32228.343
MinimumVisualStudioVersion = 10.0.40219.1
Project("{9A19103F-16F7-4668-BE54-9A1E7A4F7556}") = "EmployeeManagement.Models", "EmployeeManagement.Models\EmployeeManagement.Models.csproj", "{69691900-AFE2-49E5-88DB-DF799F955DC3}"
EndProject
Project("{9A19103F-16F7-4668-BE54-9A1E7A4F7556}") = "WebAPI_EmployeeManagement", "WebAPI_EmployeeManagement\WebAPI_EmployeeManagement.csproj", "{39735B12-0D4E-4623-A268-3A601E2AEE77}"
EndProject
Project("{FAE04EC0-301F-11D3-BF4B-00C04F79EFBC}") = "Blazor_RestFullAPI_Call_EmpManagmentWEB", "..\Blazor_RestFullAPI_Call_EmpManagmentWEB\Blazor_RestFullAPI_Call_EmpManagmentWEB.csproj", "{D336D2E7-903A-488D-877D-F7A51EB9EC2D}"
EndProject
Global
	GlobalSection(SolutionConfigurationPlatforms) = preSolution
		Debug|Any CPU = Debug|Any CPU
		Release|Any CPU = Release|Any CPU
	EndGlobalSection
	GlobalSection(ProjectConfigurationPlatforms) = postSolution
		{69691900-AFE2-49E5-88DB-DF799F955DC3}.Debug|Any CPU.ActiveCfg = Debug|Any CPU
		{69691900-AFE2-49E5-88DB-DF799F955DC3}.Debug|Any CPU.Build.0 = Debug|Any CPU
		{69691900-AFE2-49E5-88DB-DF799F955DC3}.Release|Any CPU.ActiveCfg = Release|Any CPU
		{69691900-AFE2-49E5-88DB-DF799F955DC3}.Release|Any CPU.Build.0 = Release|Any CPU
		{39735B12-0D4E-4623-A268-3A601E2AEE77}.Debug|Any CPU.ActiveCfg = Debug|Any CPU
		{39735B12-0D4E-4623-A268-3A601E2AEE77}.Debug|Any CPU.Build.0 = Debug|Any CPU
		{39735B12-0D4E-4623-A268-3A601E2AEE77}.Release|Any CPU.ActiveCfg = Release|Any CPU
		{39735B12-0D4E-4623-A268-3A601E2AEE77}.Release|Any CPU.Build.0 = Release|Any CPU
		{D336D2E7-903A-488D-877D-F7A51EB9EC2D}.Debug|Any CPU.ActiveCfg = Debug|Any CPU
		{D336D2E7-903A-488D-877D-F7A51EB9EC2D}.Debug|Any CPU.Build.0 = Debug|Any CPU
		{D336D2E7-903A-488D-877D-F7A51EB9EC2D}.Release|Any CPU.ActiveCfg = Release|Any CPU
		{D336D2E7-903A-488D-877D-F7A51EB9EC2D}.Release|Any CPU.Build.0 = Release|Any CPU
	EndGlobalSection
	GlobalSection(SolutionProperties) = preSolution
		HideSolutionNode = FALSE
	EndGlobalSection
	GlobalSection(ExtensibilityGlobals) = postSolution
		SolutionGuid = {F73D37ED-C4E7-4EA7-A7A4-A5786286E21B}
	EndGlobalSection
EndGlobal
