
Microsoft Visual Studio Solution File, Format Version 12.00
# Visual Studio Version 17
VisualStudioVersion = 17.1.32328.378
MinimumVisualStudioVersion = 10.0.40219.1
Project("{FAE04EC0-301F-11D3-BF4B-00C04F79EFBC}") = "BlazorWebAssembly", "BlazorWebAssembly\BlazorWebAssembly.csproj", "{CEF69D4A-93D2-4429-8CE2-E913CE5B46BF}"
EndProject
Global
	GlobalSection(SolutionConfigurationPlatforms) = preSolution
		Debug|Any CPU = Debug|Any CPU
		Release|Any CPU = Release|Any CPU
	EndGlobalSection
	GlobalSection(ProjectConfigurationPlatforms) = postSolution
		{CEF69D4A-93D2-4429-8CE2-E913CE5B46BF}.Debug|Any CPU.ActiveCfg = Debug|Any CPU
		{CEF69D4A-93D2-4429-8CE2-E913CE5B46BF}.Debug|Any CPU.Build.0 = Debug|Any CPU
		{CEF69D4A-93D2-4429-8CE2-E913CE5B46BF}.Release|Any CPU.ActiveCfg = Release|Any CPU
		{CEF69D4A-93D2-4429-8CE2-E913CE5B46BF}.Release|Any CPU.Build.0 = Release|Any CPU
	EndGlobalSection
	GlobalSection(SolutionProperties) = preSolution
		HideSolutionNode = FALSE
	EndGlobalSection
	GlobalSection(ExtensibilityGlobals) = postSolution
		SolutionGuid = {CE763177-90C8-4ED9-907F-1E0B705793D6}
	EndGlobalSection
EndGlobal
