
Microsoft Visual Studio Solution File, Format Version 12.00
# Visual Studio Version 17
VisualStudioVersion = 17.1.32328.378
MinimumVisualStudioVersion = 10.0.40219.1
Project("{9A19103F-16F7-4668-BE54-9A1E7A4F7556}") = "WebApI_For_BlazorToDoItems", "..\WebApI_For_BlazorToDoItems\WebApI_For_BlazorToDoItems.csproj", "{C43C9D92-40BF-4C38-AD44-80201C357577}"
EndProject
Global
	GlobalSection(SolutionConfigurationPlatforms) = preSolution
		Debug|Any CPU = Debug|Any CPU
		Release|Any CPU = Release|Any CPU
	EndGlobalSection
	GlobalSection(ProjectConfigurationPlatforms) = postSolution
		{C43C9D92-40BF-4C38-AD44-80201C357577}.Debug|Any CPU.ActiveCfg = Debug|Any CPU
		{C43C9D92-40BF-4C38-AD44-80201C357577}.Debug|Any CPU.Build.0 = Debug|Any CPU
		{C43C9D92-40BF-4C38-AD44-80201C357577}.Release|Any CPU.ActiveCfg = Release|Any CPU
		{C43C9D92-40BF-4C38-AD44-80201C357577}.Release|Any CPU.Build.0 = Release|Any CPU
	EndGlobalSection
	GlobalSection(SolutionProperties) = preSolution
		HideSolutionNode = FALSE
	EndGlobalSection
	GlobalSection(ExtensibilityGlobals) = postSolution
		SolutionGuid = {5383E89E-43A7-44F1-993D-259156137ABE}
	EndGlobalSection
EndGlobal
